
Microsoft Visual Studio Solution File, Format Version 12.00
Project("{FAE04EC0-301F-11D3-BF4B-00C04F79EFBC}") = "WebApplication", "WebApplication\WebApplication.csproj", "{C83E16AF-4B5D-4004-B915-4C671BA9EB5D}"
EndProject
Global
	GlobalSection(SolutionConfigurationPlatforms) = preSolution
		Debug|Any CPU = Debug|Any CPU
		Release|Any CPU = Release|Any CPU
	EndGlobalSection
	GlobalSection(ProjectConfigurationPlatforms) = postSolution
		{C83E16AF-4B5D-4004-B915-4C671BA9EB5D}.Debug|Any CPU.ActiveCfg = Debug|Any CPU
		{C83E16AF-4B5D-4004-B915-4C671BA9EB5D}.Debug|Any CPU.Build.0 = Debug|Any CPU
		{C83E16AF-4B5D-4004-B915-4C671BA9EB5D}.Release|Any CPU.ActiveCfg = Release|Any CPU
		{C83E16AF-4B5D-4004-B915-4C671BA9EB5D}.Release|Any CPU.Build.0 = Release|Any CPU
	EndGlobalSection
EndGlobal
