
Microsoft Visual Studio Solution File, Format Version 12.00
Project("{FAE04EC0-301F-11D3-BF4B-00C04F79EFBC}") = "DashboardMVC", "DashboardMVC\DashboardMVC.csproj", "{F5BB5FBD-2A79-4FED-82CC-E1B6544D02ED}"
EndProject
Global
	GlobalSection(SolutionConfigurationPlatforms) = preSolution
		Debug|Any CPU = Debug|Any CPU
		Release|Any CPU = Release|Any CPU
	EndGlobalSection
	GlobalSection(ProjectConfigurationPlatforms) = postSolution
		{F5BB5FBD-2A79-4FED-82CC-E1B6544D02ED}.Debug|Any CPU.ActiveCfg = Debug|Any CPU
		{F5BB5FBD-2A79-4FED-82CC-E1B6544D02ED}.Debug|Any CPU.Build.0 = Debug|Any CPU
		{F5BB5FBD-2A79-4FED-82CC-E1B6544D02ED}.Release|Any CPU.ActiveCfg = Release|Any CPU
		{F5BB5FBD-2A79-4FED-82CC-E1B6544D02ED}.Release|Any CPU.Build.0 = Release|Any CPU
	EndGlobalSection
EndGlobal
